<?xml version="1.0" encoding="utf-8"?>
<Project ToolsVersion="4.0" xmlns="http://schemas.microsoft.com/developer/msbuild/2003">
  <ItemGroup>
    <Filter Include="Source Files">
      <UniqueIdentifier>{4FC737F1-C7A5-4376-A066-2A32D752A2FF}</UniqueIdentifier>
      <Extensions>cpp;c;cc;cxx;def;odl;idl;hpj;bat;asm;asmx</Extensions>
    </Filter>
    <Filter Include="Header Files">
      <UniqueIdentifier>{93995380-89BD-4b04-88EB-625FBE52EBFB}</UniqueIdentifier>
      <Extensions>h;hh;hpp;hxx;hm;inl;inc;xsd</Extensions>
    </Filter>
    <Filter Include="Resource Files">
      <UniqueIdentifier>{67DA6AB6-F800-4c08-8B7A-83BB121AAD01}</UniqueIdentifier>
      <Extensions>rc;ico;cur;bmp;dlg;rc2;rct;bin;rgs;gif;jpg;jpeg;jpe;resx;tiff;tif;png;wav;mfcribbon-ms</Extensions>
    </Filter>
  </ItemGroup>
  <ItemGroup>
    <ClCompile Include="Source.cpp">
      <Filter>Source Files</Filter>
    </ClCompile>
  </ItemGroup>
  <ItemGroup>
    <None Include="packages.config" />
    <None Include="C:\Users\berooz\Desktop\a.ogg">
      <Filter>Source Files</Filter>
    </None>
  </ItemGroup>
  <ItemGroup>
    <ClInclude Include="includess.h">
      <Filter>Header Files</Filter>
    </ClInclude>
  </ItemGroup>
  <ItemGroup>
    <Image Include="C:\Users\berooz\Desktop\15.1.png">
      <Filter>Source Files</Filter>
    </Image>
    <Image Include="C:\Users\berooz\Desktop\20.png">
      <Filter>Source Files</Filter>
    </Image>
    <Image Include="C:\Users\berooz\Desktop\20.1.png">
      <Filter>Source Files</Filter>
    </Image>
    <Image Include="C:\Users\berooz\Desktop\12.jpg">
      <Filter>Source Files</Filter>
    </Image>
    <Image Include="C:\Users\berooz\Desktop\9.png">
      <Filter>Source Files</Filter>
    </Image>
    <Image Include="C:\Users\berooz\Desktop\9.1.png">
      <Filter>Source Files</Filter>
    </Image>
    <Image Include="C:\Users\berooz\Desktop\8.1.png">
      <Filter>Source Files</Filter>
    </Image>
    <Image Include="C:\Users\berooz\Desktop\8.png">
      <Filter>Source Files</Filter>
    </Image>
    <Image Include="C:\Users\berooz\Desktop\10.png">
      <Filter>Source Files</Filter>
    </Image>
    <Image Include="C:\Users\berooz\Desktop\10.1.png">
      <Filter>Source Files</Filter>
    </Image>
    <Image Include="C:\Users\berooz\Desktop\14.1.png">
      <Filter>Source Files</Filter>
    </Image>
    <Image Include="C:\Users\berooz\Desktop\14.png">
      <Filter>Source Files</Filter>
    </Image>
    <Image Include="C:\Users\berooz\Desktop\15.png">
      <Filter>Source Files</Filter>
    </Image>
    <Image Include="C:\Users\berooz\Desktop\new not commit\4.1.png">
      <Filter>Source Files</Filter>
    </Image>
    <Image Include="C:\Users\berooz\Desktop\new not commit\4.png">
      <Filter>Source Files</Filter>
    </Image>
    <Image Include="C:\Users\berooz\Desktop\new not commit\5.1.png">
      <Filter>Source Files</Filter>
    </Image>
    <Image Include="C:\Users\berooz\Desktop\new not commit\5.png">
      <Filter>Source Files</Filter>
    </Image>
    <Image Include="C:\Users\berooz\Desktop\new not commit\6.1.png">
      <Filter>Source Files</Filter>
    </Image>
    <Image Include="C:\Users\berooz\Desktop\new not commit\6.png">
      <Filter>Source Files</Filter>
    </Image>
    <Image Include="C:\Users\berooz\Desktop\new not commit\7.1.png">
      <Filter>Source Files</Filter>
    </Image>
    <Image Include="C:\Users\berooz\Desktop\new not commit\7.png">
      <Filter>Source Files</Filter>
    </Image>
    <Image Include="C:\Users\berooz\Desktop\new not commit\13.1.png">
      <Filter>Source Files</Filter>
    </Image>
    <Image Include="C:\Users\berooz\Desktop\new not commit\13.png">
      <Filter>Source Files</Filter>
    </Image>
    <Image Include="C:\Users\berooz\Desktop\12.1.png">
      <Filter>Source Files</Filter>
    </Image>
    <Image Include="C:\Users\berooz\Desktop\save.png">
      <Filter>Source Files</Filter>
    </Image>
    <Image Include="C:\Users\berooz\Desktop\save.1.png">
      <Filter>Source Files</Filter>
    </Image>
    <Image Include="C:\Users\berooz\Desktop\load.1.png">
      <Filter>Source Files</Filter>
    </Image>
    <Image Include="C:\Users\berooz\Desktop\load.png">
      <Filter>Source Files</Filter>
    </Image>
    <Image Include="C:\Users\berooz\Desktop\about.png">
      <Filter>Source Files</Filter>
    </Image>
    <Image Include="C:\Users\berooz\Desktop\about1.png">
      <Filter>Source Files</Filter>
    </Image>
    <Image Include="C:\Users\berooz\Desktop\asd.png">
      <Filter>Resource Files</Filter>
    </Image>
    <Image Include="C:\Users\berooz\Desktop\ah.png">
      <Filter>Source Files</Filter>
    </Image>
    <Image Include="C:\Users\berooz\Desktop\ferdowsi.png">
      <Filter>Resource Files</Filter>
    </Image>
    <Image Include="C:\Users\berooz\Desktop\ferdowsi 1.png">
      <Filter>Resource Files</Filter>
    </Image>
    <Image Include="C:\Users\berooz\Desktop\f1.png">
      <Filter>Resource Files</Filter>
    </Image>
  </ItemGroup>
  <ItemGroup>
    <Font Include="cambriai.ttf">
      <Filter>Source Files</Filter>
    </Font>
    <Font Include="BuxtonSketch.ttf">
      <Filter>Source Files</Filter>
    </Font>
  </ItemGroup>
</Project>